// !$*UTF8*$!
{
	archiveVersion = 1;
	classes = {
	};
	objectVersion = 56;
	objects = {

/* Begin PBXBuildFile section */
		A99C363E2A4201DC005328C3 /* AppDelegate.m in Sources */ = {isa = PBXBuildFile; fileRef = A99C363D2A4201DC005328C3 /* AppDelegate.m */; };
		A99C36412A4201DC005328C3 /* ViewController.m in Sources */ = {isa = PBXBuildFile; fileRef = A99C36402A4201DC005328C3 /* ViewController.m */; };
		A99C36432A4201DD005328C3 /* Assets.xcassets in Resources */ = {isa = PBXBuildFile; fileRef = A99C36422A4201DD005328C3 /* Assets.xcassets */; };
		A99C36462A4201DD005328C3 /* Main.storyboard in Resources */ = {isa = PBXBuildFile; fileRef = A99C36442A4201DD005328C3 /* Main.storyboard */; };
		A99C36482A4201DD005328C3 /* main.m in Sources */ = {isa = PBXBuildFile; fileRef = A99C36472A4201DD005328C3 /* main.m */; };
		A99C36512A420202005328C3 /* SimpleSwiftClass.swift in Sources */ = {isa = PBXBuildFile; fileRef = A99C36502A420202005328C3 /* SimpleSwiftClass.swift */; };
		A99C36542A420220005328C3 /* AnimalFactory.m in Sources */ = {isa = PBXBuildFile; fileRef = A99C36532A420220005328C3 /* AnimalFactory.m */; };
		A99C36592A420377005328C3 /* TestPackage in Frameworks */ = {isa = PBXBuildFile; productRef = A99C36582A420377005328C3 /* TestPackage */; };
/* End PBXBuildFile section */

/* Begin PBXFileReference section */
		A99C36392A4201DC005328C3 /* SimpleApp.app */ = {isa = PBXFileReference; explicitFileType = wrapper.application; includeInIndex = 0; path = SimpleApp.app; sourceTree = BUILT_PRODUCTS_DIR; };
		A99C363C2A4201DC005328C3 /* AppDelegate.h */ = {isa = PBXFileReference; lastKnownFileType = sourcecode.c.h; path = AppDelegate.h; sourceTree = "<group>"; };
		A99C363D2A4201DC005328C3 /* AppDelegate.m */ = {isa = PBXFileReference; lastKnownFileType = sourcecode.c.objc; path = AppDelegate.m; sourceTree = "<group>"; };
		A99C363F2A4201DC005328C3 /* ViewController.h */ = {isa = PBXFileReference; lastKnownFileType = sourcecode.c.h; path = ViewController.h; sourceTree = "<group>"; };
		A99C36402A4201DC005328C3 /* ViewController.m */ = {isa = PBXFileReference; lastKnownFileType = sourcecode.c.objc; path = ViewController.m; sourceTree = "<group>"; };
		A99C36422A4201DD005328C3 /* Assets.xcassets */ = {isa = PBXFileReference; lastKnownFileType = folder.assetcatalog; path = Assets.xcassets; sourceTree = "<group>"; };
		A99C36452A4201DD005328C3 /* Base */ = {isa = PBXFileReference; lastKnownFileType = file.storyboard; name = Base; path = Base.lproj/Main.storyboard; sourceTree = "<group>"; };
		A99C36472A4201DD005328C3 /* main.m */ = {isa = PBXFileReference; lastKnownFileType = sourcecode.c.objc; path = main.m; sourceTree = "<group>"; };
		A99C36492A4201DD005328C3 /* SimpleApp.entitlements */ = {isa = PBXFileReference; lastKnownFileType = text.plist.entitlements; path = SimpleApp.entitlements; sourceTree = "<group>"; };
		A99C364F2A420202005328C3 /* SimpleApp-Bridging-Header.h */ = {isa = PBXFileReference; lastKnownFileType = sourcecode.c.h; path = "SimpleApp-Bridging-Header.h"; sourceTree = "<group>"; };
		A99C36502A420202005328C3 /* SimpleSwiftClass.swift */ = {isa = PBXFileReference; lastKnownFileType = sourcecode.swift; path = SimpleSwiftClass.swift; sourceTree = "<group>"; };
		A99C36522A420220005328C3 /* AnimalFactory.h */ = {isa = PBXFileReference; lastKnownFileType = sourcecode.c.h; path = AnimalFactory.h; sourceTree = "<group>"; };
		A99C36532A420220005328C3 /* AnimalFactory.m */ = {isa = PBXFileReference; lastKnownFileType = sourcecode.c.objc; path = AnimalFactory.m; sourceTree = "<group>"; };
		A99C36562A4202BD005328C3 /* TestPackage */ = {isa = PBXFileReference; lastKnownFileType = wrapper; path = TestPackage; sourceTree = "<group>"; };
/* End PBXFileReference section */

/* Begin PBXFrameworksBuildPhase section */
		A99C36362A4201DC005328C3 /* Frameworks */ = {
			isa = PBXFrameworksBuildPhase;
			buildActionMask = 2147483647;
			files = (
				A99C36592A420377005328C3 /* TestPackage in Frameworks */,
			);
			runOnlyForDeploymentPostprocessing = 0;
		};
/* End PBXFrameworksBuildPhase section */

/* Begin PBXGroup section */
		A99C36302A4201DC005328C3 = {
			isa = PBXGroup;
			children = (
				A99C36552A4202BD005328C3 /* Packages */,
				A99C36502A420202005328C3 /* SimpleSwiftClass.swift */,
				A99C36522A420220005328C3 /* AnimalFactory.h */,
				A99C36532A420220005328C3 /* AnimalFactory.m */,
				A99C363B2A4201DC005328C3 /* SimpleApp */,
				A99C363A2A4201DC005328C3 /* Products */,
				A99C364F2A420202005328C3 /* SimpleApp-Bridging-Header.h */,
				A99C36572A420377005328C3 /* Frameworks */,
			);
			sourceTree = "<group>";
		};
		A99C363A2A4201DC005328C3 /* Products */ = {
			isa = PBXGroup;
			children = (
				A99C36392A4201DC005328C3 /* SimpleApp.app */,
			);
			name = Products;
			sourceTree = "<group>";
		};
		A99C363B2A4201DC005328C3 /* SimpleApp */ = {
			isa = PBXGroup;
			children = (
				A99C363C2A4201DC005328C3 /* AppDelegate.h */,
				A99C363D2A4201DC005328C3 /* AppDelegate.m */,
				A99C363F2A4201DC005328C3 /* ViewController.h */,
				A99C36402A4201DC005328C3 /* ViewController.m */,
				A99C36422A4201DD005328C3 /* Assets.xcassets */,
				A99C36442A4201DD005328C3 /* Main.storyboard */,
				A99C36472A4201DD005328C3 /* main.m */,
				A99C36492A4201DD005328C3 /* SimpleApp.entitlements */,
			);
			path = SimpleApp;
			sourceTree = "<group>";
		};
		A99C36552A4202BD005328C3 /* Packages */ = {
			isa = PBXGroup;
			children = (
				A99C36562A4202BD005328C3 /* TestPackage */,
			);
			name = Packages;
			sourceTree = "<group>";
		};
		A99C36572A420377005328C3 /* Frameworks */ = {
			isa = PBXGroup;
			children = (
			);
			name = Frameworks;
			sourceTree = "<group>";
		};
/* End PBXGroup section */

/* Begin PBXNativeTarget section */
		A99C36382A4201DC005328C3 /* SimpleApp */ = {
			isa = PBXNativeTarget;
			buildConfigurationList = A99C364C2A4201DD005328C3 /* Build configuration list for PBXNativeTarget "SimpleApp" */;
			buildPhases = (
				A99C36352A4201DC005328C3 /* Sources */,
				A99C36362A4201DC005328C3 /* Frameworks */,
				A99C36372A4201DC005328C3 /* Resources */,
			);
			buildRules = (
			);
			dependencies = (
			);
			name = SimpleApp;
			packageProductDependencies = (
				A99C36582A420377005328C3 /* TestPackage */,
			);
			productName = SimpleApp;
			productReference = A99C36392A4201DC005328C3 /* SimpleApp.app */;
			productType = "com.apple.product-type.application";
		};
/* End PBXNativeTarget section */

/* Begin PBXProject section */
		A99C36312A4201DC005328C3 /* Project object */ = {
			isa = PBXProject;
			attributes = {
				BuildIndependentTargetsInParallel = 1;
				LastUpgradeCheck = 1430;
				TargetAttributes = {
					A99C36382A4201DC005328C3 = {
						CreatedOnToolsVersion = 14.3.1;
						LastSwiftMigration = 1430;
					};
				};
			};
			buildConfigurationList = A99C36342A4201DC005328C3 /* Build configuration list for PBXProject "SimpleApp" */;
			compatibilityVersion = "Xcode 14.0";
			developmentRegion = en;
			hasScannedForEncodings = 0;
			knownRegions = (
				en,
				Base,
			);
			mainGroup = A99C36302A4201DC005328C3;
			productRefGroup = A99C363A2A4201DC005328C3 /* Products */;
			projectDirPath = "";
			projectRoot = "";
			targets = (
				A99C36382A4201DC005328C3 /* SimpleApp */,
			);
		};
/* End PBXProject section */

/* Begin PBXResourcesBuildPhase section */
		A99C36372A4201DC005328C3 /* Resources */ = {
			isa = PBXResourcesBuildPhase;
			buildActionMask = 2147483647;
			files = (
				A99C36432A4201DD005328C3 /* Assets.xcassets in Resources */,
				A99C36462A4201DD005328C3 /* Main.storyboard in Resources */,
			);
			runOnlyForDeploymentPostprocessing = 0;
		};
/* End PBXResourcesBuildPhase section */

/* Begin PBXSourcesBuildPhase section */
		A99C36352A4201DC005328C3 /* Sources */ = {
			isa = PBXSourcesBuildPhase;
			buildActionMask = 2147483647;
			files = (
				A99C36412A4201DC005328C3 /* ViewController.m in Sources */,
				A99C36482A4201DD005328C3 /* main.m in Sources */,
				A99C36512A420202005328C3 /* SimpleSwiftClass.swift in Sources */,
				A99C36542A420220005328C3 /* AnimalFactory.m in Sources */,
				A99C363E2A4201DC005328C3 /* AppDelegate.m in Sources */,
			);
			runOnlyForDeploymentPostprocessing = 0;
		};
/* End PBXSourcesBuildPhase section */

/* Begin PBXVariantGroup section */
		A99C36442A4201DD005328C3 /* Main.storyboard */ = {
			isa = PBXVariantGroup;
			children = (
				A99C36452A4201DD005328C3 /* Base */,
			);
			name = Main.storyboard;
			sourceTree = "<group>";
		};
/* End PBXVariantGroup section */

/* Begin XCBuildConfiguration section */
		A99C364A2A4201DD005328C3 /* Debug */ = {
			isa = XCBuildConfiguration;
			buildSettings = {
				ALWAYS_SEARCH_USER_PATHS = NO;
				CLANG_ANALYZER_NONNULL = YES;
				CLANG_ANALYZER_NUMBER_OBJECT_CONVERSION = YES_AGGRESSIVE;
				CLANG_CXX_LANGUAGE_STANDARD = "gnu++20";
				CLANG_ENABLE_MODULES = YES;
				CLANG_ENABLE_OBJC_ARC = YES;
				CLANG_ENABLE_OBJC_WEAK = YES;
				CLANG_WARN_BLOCK_CAPTURE_AUTORELEASING = YES;
				CLANG_WARN_BOOL_CONVERSION = YES;
				CLANG_WARN_COMMA = YES;
				CLANG_WARN_CONSTANT_CONVERSION = YES;
				CLANG_WARN_DEPRECATED_OBJC_IMPLEMENTATIONS = YES;
				CLANG_WARN_DIRECT_OBJC_ISA_USAGE = YES_ERROR;
				CLANG_WARN_DOCUMENTATION_COMMENTS = YES;
				CLANG_WARN_EMPTY_BODY = YES;
				CLANG_WARN_ENUM_CONVERSION = YES;
				CLANG_WARN_INFINITE_RECURSION = YES;
				CLANG_WARN_INT_CONVERSION = YES;
				CLANG_WARN_NON_LITERAL_NULL_CONVERSION = YES;
				CLANG_WARN_OBJC_IMPLICIT_RETAIN_SELF = YES;
				CLANG_WARN_OBJC_LITERAL_CONVERSION = YES;
				CLANG_WARN_OBJC_ROOT_CLASS = YES_ERROR;
				CLANG_WARN_QUOTED_INCLUDE_IN_FRAMEWORK_HEADER = YES;
				CLANG_WARN_RANGE_LOOP_ANALYSIS = YES;
				CLANG_WARN_STRICT_PROTOTYPES = YES;
				CLANG_WARN_SUSPICIOUS_MOVE = YES;
				CLANG_WARN_UNGUARDED_AVAILABILITY = YES_AGGRESSIVE;
				CLANG_WARN_UNREACHABLE_CODE = YES;
				CLANG_WARN__DUPLICATE_METHOD_MATCH = YES;
				COPY_PHASE_STRIP = NO;
				DEBUG_INFORMATION_FORMAT = dwarf;
				ENABLE_STRICT_OBJC_MSGSEND = YES;
				ENABLE_TESTABILITY = YES;
				GCC_C_LANGUAGE_STANDARD = gnu11;
				GCC_DYNAMIC_NO_PIC = NO;
				GCC_NO_COMMON_BLOCKS = YES;
				GCC_OPTIMIZATION_LEVEL = 0;
				GCC_PREPROCESSOR_DEFINITIONS = (
					"DEBUG=1",
					"$(inherited)",
				);
				GCC_WARN_64_TO_32_BIT_CONVERSION = YES;
				GCC_WARN_ABOUT_RETURN_TYPE = YES_ERROR;
				GCC_WARN_UNDECLARED_SELECTOR = YES;
				GCC_WARN_UNINITIALIZED_AUTOS = YES_AGGRESSIVE;
				GCC_WARN_UNUSED_FUNCTION = YES;
				GCC_WARN_UNUSED_VARIABLE = YES;
				MACOSX_DEPLOYMENT_TARGET = 13.3;
				MTL_ENABLE_DEBUG_INFO = INCLUDE_SOURCE;
				MTL_FAST_MATH = YES;
				ONLY_ACTIVE_ARCH = YES;
				SDKROOT = macosx;
			};
			name = Debug;
		};
		A99C364B2A4201DD005328C3 /* Release */ = {
			isa = XCBuildConfiguration;
			buildSettings = {
				ALWAYS_SEARCH_USER_PATHS = NO;
				CLANG_ANALYZER_NONNULL = YES;
				CLANG_ANALYZER_NUMBER_OBJECT_CONVERSION = YES_AGGRESSIVE;
				CLANG_CXX_LANGUAGE_STANDARD = "gnu++20";
				CLANG_ENABLE_MODULES = YES;
				CLANG_ENABLE_OBJC_ARC = YES;
				CLANG_ENABLE_OBJC_WEAK = YES;
				CLANG_WARN_BLOCK_CAPTURE_AUTORELEASING = YES;
				CLANG_WARN_BOOL_CONVERSION = YES;
				CLANG_WARN_COMMA = YES;
				CLANG_WARN_CONSTANT_CONVERSION = YES;
				CLANG_WARN_DEPRECATED_OBJC_IMPLEMENTATIONS = YES;
				CLANG_WARN_DIRECT_OBJC_ISA_USAGE = YES_ERROR;
				CLANG_WARN_DOCUMENTATION_COMMENTS = YES;
				CLANG_WARN_EMPTY_BODY = YES;
				CLANG_WARN_ENUM_CONVERSION = YES;
				CLANG_WARN_INFINITE_RECURSION = YES;
				CLANG_WARN_INT_CONVERSION = YES;
				CLANG_WARN_NON_LITERAL_NULL_CONVERSION = YES;
				CLANG_WARN_OBJC_IMPLICIT_RETAIN_SELF = YES;
				CLANG_WARN_OBJC_LITERAL_CONVERSION = YES;
				CLANG_WARN_OBJC_ROOT_CLASS = YES_ERROR;
				CLANG_WARN_QUOTED_INCLUDE_IN_FRAMEWORK_HEADER = YES;
				CLANG_WARN_RANGE_LOOP_ANALYSIS = YES;
				CLANG_WARN_STRICT_PROTOTYPES = YES;
				CLANG_WARN_SUSPICIOUS_MOVE = YES;
				CLANG_WARN_UNGUARDED_AVAILABILITY = YES_AGGRESSIVE;
				CLANG_WARN_UNREACHABLE_CODE = YES;
				CLANG_WARN__DUPLICATE_METHOD_MATCH = YES;
				COPY_PHASE_STRIP = NO;
				DEBUG_INFORMATION_FORMAT = "dwarf-with-dsym";
				ENABLE_NS_ASSERTIONS = NO;
				ENABLE_STRICT_OBJC_MSGSEND = YES;
				GCC_C_LANGUAGE_STANDARD = gnu11;
				GCC_NO_COMMON_BLOCKS = YES;
				GCC_WARN_64_TO_32_BIT_CONVERSION = YES;
				GCC_WARN_ABOUT_RETURN_TYPE = YES_ERROR;
				GCC_WARN_UNDECLARED_SELECTOR = YES;
				GCC_WARN_UNINITIALIZED_AUTOS = YES_AGGRESSIVE;
				GCC_WARN_UNUSED_FUNCTION = YES;
				GCC_WARN_UNUSED_VARIABLE = YES;
				MACOSX_DEPLOYMENT_TARGET = 13.3;
				MTL_ENABLE_DEBUG_INFO = NO;
				MTL_FAST_MATH = YES;
				SDKROOT = macosx;
			};
			name = Release;
		};
		A99C364D2A4201DD005328C3 /* Debug */ = {
			isa = XCBuildConfiguration;
			buildSettings = {
				ASSETCATALOG_COMPILER_APPICON_NAME = AppIcon;
				ASSETCATALOG_COMPILER_GLOBAL_ACCENT_COLOR_NAME = AccentColor;
				CLANG_ENABLE_MODULES = YES;
				CODE_SIGN_ENTITLEMENTS = SimpleApp/SimpleApp.entitlements;
				CODE_SIGN_STYLE = Automatic;
				COMBINE_HIDPI_IMAGES = YES;
				CURRENT_PROJECT_VERSION = 1;
				DEVELOPMENT_TEAM = 5K844XFC6W;
				ENABLE_HARDENED_RUNTIME = YES;
				GENERATE_INFOPLIST_FILE = YES;
				INFOPLIST_KEY_NSHumanReadableCopyright = "";
				INFOPLIST_KEY_NSMainStoryboardFile = Main;
				INFOPLIST_KEY_NSPrincipalClass = NSApplication;
				LD_RUNPATH_SEARCH_PATHS = (
					"$(inherited)",
					"@executable_path/../Frameworks",
				);
				MARKETING_VERSION = 1.0;
				PRODUCT_BUNDLE_IDENTIFIER = org.gestrich.SimpleApp;
				PRODUCT_NAME = "$(TARGET_NAME)";
				SWIFT_EMIT_LOC_STRINGS = YES;
				SWIFT_OBJC_BRIDGING_HEADER = "SimpleApp-Bridging-Header.h";
				SWIFT_OPTIMIZATION_LEVEL = "-Onone";
				SWIFT_VERSION = 5.0;
				TAPI_EXTRA_PROJECT_HEADERS = "$(CONFIGURATION_TEMP_DIR)";
			};
			name = Debug;
		};
		A99C364E2A4201DD005328C3 /* Release */ = {
			isa = XCBuildConfiguration;
			buildSettings = {
				ASSETCATALOG_COMPILER_APPICON_NAME = AppIcon;
				ASSETCATALOG_COMPILER_GLOBAL_ACCENT_COLOR_NAME = AccentColor;
				CLANG_ENABLE_MODULES = YES;
				CODE_SIGN_ENTITLEMENTS = SimpleApp/SimpleApp.entitlements;
				CODE_SIGN_STYLE = Automatic;
				COMBINE_HIDPI_IMAGES = YES;
				CURRENT_PROJECT_VERSION = 1;
				DEVELOPMENT_TEAM = 5K844XFC6W;
				ENABLE_HARDENED_RUNTIME = YES;
				GENERATE_INFOPLIST_FILE = YES;
				INFOPLIST_KEY_NSHumanReadableCopyright = "";
				INFOPLIST_KEY_NSMainStoryboardFile = Main;
				INFOPLIST_KEY_NSPrincipalClass = NSApplication;
				LD_RUNPATH_SEARCH_PATHS = (
					"$(inherited)",
					"@executable_path/../Frameworks",
				);
				MARKETING_VERSION = 1.0;
				PRODUCT_BUNDLE_IDENTIFIER = org.gestrich.SimpleApp;
				PRODUCT_NAME = "$(TARGET_NAME)";
				SWIFT_EMIT_LOC_STRINGS = YES;
				SWIFT_OBJC_BRIDGING_HEADER = "SimpleApp-Bridging-Header.h";
				SWIFT_VERSION = 5.0;
				TAPI_EXTRA_PROJECT_HEADERS = "$(CONFIGURATION_TEMP_DIR)";
			};
			name = Release;
		};
/* End XCBuildConfiguration section */

/* Begin XCConfigurationList section */
		A99C36342A4201DC005328C3 /* Build configuration list for PBXProject "SimpleApp" */ = {
			isa = XCConfigurationList;
			buildConfigurations = (
				A99C364A2A4201DD005328C3 /* Debug */,
				A99C364B2A4201DD005328C3 /* Release */,
			);
			defaultConfigurationIsVisible = 0;
			defaultConfigurationName = Release;
		};
		A99C364C2A4201DD005328C3 /* Build configuration list for PBXNativeTarget "SimpleApp" */ = {
			isa = XCConfigurationList;
			buildConfigurations = (
				A99C364D2A4201DD005328C3 /* Debug */,
				A99C364E2A4201DD005328C3 /* Release */,
			);
			defaultConfigurationIsVisible = 0;
			defaultConfigurationName = Release;
		};
/* End XCConfigurationList section */

/* Begin XCSwiftPackageProductDependency section */
		A99C36582A420377005328C3 /* TestPackage */ = {
			isa = XCSwiftPackageProductDependency;
			productName = TestPackage;
		};
/* End XCSwiftPackageProductDependency section */
	};
	rootObject = A99C36312A4201DC005328C3 /* Project object */;
}
